
Microsoft Visual Studio Solution File, Format Version 12.00
# Visual Studio Version 17
VisualStudioVersion = 17.5.2.0
MinimumVisualStudioVersion = 10.0.40219.1
Project("{FAE04EC0-301F-11D3-BF4B-00C04F79EFBC}") = "Tuna-SoccerLeague", "Tuna-SoccerLeague.csproj", "{EE275C90-FDBC-F298-AE8D-E4B4A7EB3AA5}"
EndProject
Global
	GlobalSection(SolutionConfigurationPlatforms) = preSolution
		Debug|Any CPU = Debug|Any CPU
		Debug|x64 = Debug|x64
		Debug|x86 = Debug|x86
		Release|Any CPU = Release|Any CPU
		Release|x64 = Release|x64
		Release|x86 = Release|x86
	EndGlobalSection
	GlobalSection(ProjectConfigurationPlatforms) = postSolution
		{EE275C90-FDBC-F298-AE8D-E4B4A7EB3AA5}.Debug|Any CPU.ActiveCfg = Debug|Any CPU
		{EE275C90-FDBC-F298-AE8D-E4B4A7EB3AA5}.Debug|Any CPU.Build.0 = Debug|Any CPU
		{EE275C90-FDBC-F298-AE8D-E4B4A7EB3AA5}.Debug|x64.ActiveCfg = Debug|Any CPU
		{EE275C90-FDBC-F298-AE8D-E4B4A7EB3AA5}.Debug|x64.Build.0 = Debug|Any CPU
		{EE275C90-FDBC-F298-AE8D-E4B4A7EB3AA5}.Debug|x86.ActiveCfg = Debug|Any CPU
		{EE275C90-FDBC-F298-AE8D-E4B4A7EB3AA5}.Debug|x86.Build.0 = Debug|Any CPU
		{EE275C90-FDBC-F298-AE8D-E4B4A7EB3AA5}.Release|Any CPU.ActiveCfg = Release|Any CPU
		{EE275C90-FDBC-F298-AE8D-E4B4A7EB3AA5}.Release|Any CPU.Build.0 = Release|Any CPU
		{EE275C90-FDBC-F298-AE8D-E4B4A7EB3AA5}.Release|x64.ActiveCfg = Release|Any CPU
		{EE275C90-FDBC-F298-AE8D-E4B4A7EB3AA5}.Release|x64.Build.0 = Release|Any CPU
		{EE275C90-FDBC-F298-AE8D-E4B4A7EB3AA5}.Release|x86.ActiveCfg = Release|Any CPU
		{EE275C90-FDBC-F298-AE8D-E4B4A7EB3AA5}.Release|x86.Build.0 = Release|Any CPU
	EndGlobalSection
	GlobalSection(SolutionProperties) = preSolution
		HideSolutionNode = FALSE
	EndGlobalSection
	GlobalSection(ExtensibilityGlobals) = postSolution
		SolutionGuid = {89ABD926-03E7-483E-8C24-7EA13C48F651}
	EndGlobalSection
EndGlobal
